
Microsoft Visual Studio Solution File, Format Version 12.00
# Visual Studio Version 17
VisualStudioVersion = 17.6.33829.357
MinimumVisualStudioVersion = 10.0.40219.1
Project("{FAE04EC0-301F-11D3-BF4B-00C04F79EFBC}") = "train_schedule_system_backend", "train_schedule_system_backend\train_schedule_system_backend.csproj", "{6594E1BC-6097-4F23-B67E-30A5D7E862D0}"
EndProject
Global
	GlobalSection(SolutionConfigurationPlatforms) = preSolution
		Debug|Any CPU = Debug|Any CPU
		Release|Any CPU = Release|Any CPU
	EndGlobalSection
	GlobalSection(ProjectConfigurationPlatforms) = postSolution
		{6594E1BC-6097-4F23-B67E-30A5D7E862D0}.Debug|Any CPU.ActiveCfg = Debug|Any CPU
		{6594E1BC-6097-4F23-B67E-30A5D7E862D0}.Debug|Any CPU.Build.0 = Debug|Any CPU
		{6594E1BC-6097-4F23-B67E-30A5D7E862D0}.Release|Any CPU.ActiveCfg = Release|Any CPU
		{6594E1BC-6097-4F23-B67E-30A5D7E862D0}.Release|Any CPU.Build.0 = Release|Any CPU
	EndGlobalSection
	GlobalSection(SolutionProperties) = preSolution
		HideSolutionNode = FALSE
	EndGlobalSection
	GlobalSection(ExtensibilityGlobals) = postSolution
		SolutionGuid = {C8BAAD01-D148-48FA-824E-B7FAA2087563}
	EndGlobalSection
EndGlobal
